
Microsoft Visual Studio Solution File, Format Version 12.00
# Visual Studio Version 17
VisualStudioVersion = 17.4.33122.133
MinimumVisualStudioVersion = 10.0.40219.1
Project("{9A19103F-16F7-4668-BE54-9A1E7A4F7556}") = "BosmanCommerce7.Module", "BosmanCommerce7.Module\BosmanCommerce7.Module.csproj", "{EEFD4F72-CF60-49DF-9280-A8DBC7FA5D8E}"
EndProject
Project("{9A19103F-16F7-4668-BE54-9A1E7A4F7556}") = "BosmanCommerce7.Blazor.Server", "BosmanCommerce7.Blazor.Server\BosmanCommerce7.Blazor.Server.csproj", "{0C9AD4AE-7A17-4783-927A-B2ABA0CD862E}"
EndProject
Project("{9A19103F-16F7-4668-BE54-9A1E7A4F7556}") = "BosmanCommerce7.UnitTests", "BosmanCommerce7.UnitTests\BosmanCommerce7.UnitTests.csproj", "{E1106D7A-F150-4229-8125-45408EDD5026}"
EndProject
Project("{9A19103F-16F7-4668-BE54-9A1E7A4F7556}") = "_build", "..\..\..\build\_build.csproj", "{7A7F271C-9535-4A45-BB33-EBC014F8760B}"
EndProject
Project("{2150E333-8FDC-42A3-9474-1A3956D46DE8}") = "Deploy", "Deploy", "{239A8C34-12C6-46F9-B5E0-96EE7BA14BB8}"
EndProject
Project("{2150E333-8FDC-42A3-9474-1A3956D46DE8}") = "Tests", "Tests", "{573E4CC0-D89F-4933-8C79-67EFE7E9ADB4}"
EndProject
Global
	GlobalSection(SolutionConfigurationPlatforms) = preSolution
		Debug|Any CPU = Debug|Any CPU
		EasyTest|Any CPU = EasyTest|Any CPU
		Release|Any CPU = Release|Any CPU
	EndGlobalSection
	GlobalSection(ProjectConfigurationPlatforms) = postSolution
		{EEFD4F72-CF60-49DF-9280-A8DBC7FA5D8E}.Debug|Any CPU.ActiveCfg = Debug|Any CPU
		{EEFD4F72-CF60-49DF-9280-A8DBC7FA5D8E}.Debug|Any CPU.Build.0 = Debug|Any CPU
		{EEFD4F72-CF60-49DF-9280-A8DBC7FA5D8E}.EasyTest|Any CPU.ActiveCfg = EasyTest|Any CPU
		{EEFD4F72-CF60-49DF-9280-A8DBC7FA5D8E}.EasyTest|Any CPU.Build.0 = EasyTest|Any CPU
		{EEFD4F72-CF60-49DF-9280-A8DBC7FA5D8E}.Release|Any CPU.ActiveCfg = Release|Any CPU
		{EEFD4F72-CF60-49DF-9280-A8DBC7FA5D8E}.Release|Any CPU.Build.0 = Release|Any CPU
		{0C9AD4AE-7A17-4783-927A-B2ABA0CD862E}.Debug|Any CPU.ActiveCfg = Debug|Any CPU
		{0C9AD4AE-7A17-4783-927A-B2ABA0CD862E}.Debug|Any CPU.Build.0 = Debug|Any CPU
		{0C9AD4AE-7A17-4783-927A-B2ABA0CD862E}.EasyTest|Any CPU.ActiveCfg = EasyTest|Any CPU
		{0C9AD4AE-7A17-4783-927A-B2ABA0CD862E}.EasyTest|Any CPU.Build.0 = EasyTest|Any CPU
		{0C9AD4AE-7A17-4783-927A-B2ABA0CD862E}.Release|Any CPU.ActiveCfg = Release|Any CPU
		{0C9AD4AE-7A17-4783-927A-B2ABA0CD862E}.Release|Any CPU.Build.0 = Release|Any CPU
		{E1106D7A-F150-4229-8125-45408EDD5026}.Debug|Any CPU.ActiveCfg = Debug|Any CPU
		{E1106D7A-F150-4229-8125-45408EDD5026}.Debug|Any CPU.Build.0 = Debug|Any CPU
		{E1106D7A-F150-4229-8125-45408EDD5026}.EasyTest|Any CPU.ActiveCfg = Debug|Any CPU
		{E1106D7A-F150-4229-8125-45408EDD5026}.EasyTest|Any CPU.Build.0 = Debug|Any CPU
		{E1106D7A-F150-4229-8125-45408EDD5026}.Release|Any CPU.ActiveCfg = Release|Any CPU
		{E1106D7A-F150-4229-8125-45408EDD5026}.Release|Any CPU.Build.0 = Release|Any CPU
		{7A7F271C-9535-4A45-BB33-EBC014F8760B}.Debug|Any CPU.ActiveCfg = Debug|Any CPU
		{7A7F271C-9535-4A45-BB33-EBC014F8760B}.EasyTest|Any CPU.ActiveCfg = Release|Any CPU
		{7A7F271C-9535-4A45-BB33-EBC014F8760B}.EasyTest|Any CPU.Build.0 = Release|Any CPU
		{7A7F271C-9535-4A45-BB33-EBC014F8760B}.Release|Any CPU.ActiveCfg = Release|Any CPU
	EndGlobalSection
	GlobalSection(SolutionProperties) = preSolution
		HideSolutionNode = FALSE
	EndGlobalSection
	GlobalSection(NestedProjects) = preSolution
		{E1106D7A-F150-4229-8125-45408EDD5026} = {573E4CC0-D89F-4933-8C79-67EFE7E9ADB4}
		{7A7F271C-9535-4A45-BB33-EBC014F8760B} = {239A8C34-12C6-46F9-B5E0-96EE7BA14BB8}
	EndGlobalSection
	GlobalSection(ExtensibilityGlobals) = postSolution
		SolutionGuid = {419F67C0-02F9-4E9D-871C-1F215F617501}
	EndGlobalSection
EndGlobal
